{
    "_readme": [
        "This file locks the dependencies of your project to a known state",
        "Read more about it at http://getcomposer.org/doc/01-basic-usage.md#composer-lock-the-lock-file"
    ],
    "hash": "374fd570fdbd8e86d08a6926464c8bac",
    "packages": [
        {
            "name": "j7mbo/twitter-api-php",
            "version": "dev-master",
            "source": {
                "type": "git",
                "url": "https://github.com/J7mbo/twitter-api-php.git",
                "reference": "ab76f1c1e6bf83f0a257216cbaf9932b7cc19a3f"
            },
            "dist": {
                "type": "zip",
                "url": "https://api.github.com/repos/J7mbo/twitter-api-php/zipball/ab76f1c1e6bf83f0a257216cbaf9932b7cc19a3f",
                "reference": "ab76f1c1e6bf83f0a257216cbaf9932b7cc19a3f",
                "shasum": ""
            },
            "type": "library",
            "autoload": {
                "files": [
                    "TwitterAPIExchange.php"
                ]
            },
            "notification-url": "https://packagist.org/downloads/",
            "license": [
                "GNU Public License"
            ],
            "authors": [
                {
                    "name": "James Mallison",
                    "homepage": "https://github.com/j7mbo/twitter-api-php"
                }
            ],
            "description": "Simple PHP Wrapper for Twitter API v1.1 calls",
            "homepage": "https://github.com/j7mbo/twitter-api-php",
            "keywords": [
                "api",
                "php",
                "twitter"
            ],
            "time": "2013-10-03 10:04:59"
        },
        {
            "name": "xamin/handlebars.php",
            "version": "dev-master",
            "source": {
                "type": "git",
                "url": "https://github.com/XaminProject/handlebars.php.git",
                "reference": "6a3e66625857842cb11c9b8046e087e3f549f085"
            },
            "dist": {
                "type": "zip",
                "url": "https://api.github.com/repos/XaminProject/handlebars.php/zipball/6a3e66625857842cb11c9b8046e087e3f549f085",
                "reference": "6a3e66625857842cb11c9b8046e087e3f549f085",
                "shasum": ""
            },
            "require-dev": {
                "phpunit/phpunit": "3.7.*",
                "squizlabs/php_codesniffer": "1.*"
            },
            "type": "library",
            "autoload": {
                "psr-0": {
                    "Handlebars": "src/"
                }
            },
            "notification-url": "https://packagist.org/downloads/",
            "license": [
                "MIT"
            ],
            "authors": [
                {
                    "name": "fzerorubigd",
                    "email": "fzerorubigd@gmail.com"
                },
                {
                    "name": "Behrooz Shabani (everplays)",
                    "email": "everplays@gmail.com"
                }
            ],
            "description": "Handlebars processor for php",
            "homepage": "https://github.com/XaminProject/handlebars.php",
            "time": "2014-02-03 20:33:23"
        },
        {
            "name": "youngj/httpserver",
            "version": "v1.0.0",
            "source": {
                "type": "git",
                "url": "https://github.com/youngj/httpserver.git",
                "reference": "d39c919b710d9af3e8395b812288869522a5d754"
            },
            "dist": {
                "type": "zip",
                "url": "https://api.github.com/repos/youngj/httpserver/zipball/d39c919b710d9af3e8395b812288869522a5d754",
                "reference": "d39c919b710d9af3e8395b812288869522a5d754",
                "shasum": ""
            },
            "require": {
                "php": ">=5.3"
            },
            "suggest": {
                "php-cgi": "HTTPServer requires the php-cgi binary."
            },
            "type": "library",
            "autoload": {
                "classmap": [
                    "cgistream.php",
                    "httprequest.php",
                    "httpresponse.php",
                    "httpserver.php"
                ]
            },
            "notification-url": "https://packagist.org/downloads/",
            "license": [
                "MIT"
            ],
            "authors": [
                {
                    "name": "Jesse Young",
                    "homepage": "https://github.com/youngj"
                }
            ],
            "description": "A simple HTTP server, written in PHP, that serves PHP scripts and static files.",
            "homepage": "https://github.com/youngj/httpserver",
            "time": "2012-07-19 17:36:14"
        }
    ],
    "packages-dev": [

    ],
    "aliases": [

    ],
    "minimum-stability": "stable",
    "stability-flags": {
        "xamin/handlebars.php": 20,
        "j7mbo/twitter-api-php": 20
    },
    "platform": [

    ],
    "platform-dev": [

    ]
}
